
Microsoft Visual Studio Solution File, Format Version 12.00
# Visual Studio 15
VisualStudioVersion = 15.0.27703.2042
MinimumVisualStudioVersion = 10.0.40219.1
Project("{FAE04EC0-301F-11D3-BF4B-00C04F79EFBC}") = "Cake.PlasticSCM", "Cake.PlasticSCM\Cake.PlasticSCM.csproj", "{3817E1FA-2B7E-47C6-8B49-C53477B1E7B8}"
EndProject
Project("{9A19103F-16F7-4668-BE54-9A1E7A4F7556}") = "Cake.PlasticSCM.Tests", "Cake.PlasticSCM.Tests\Cake.PlasticSCM.Tests.csproj", "{72DCEDF1-1015-43F4-9ABD-0894AC715535}"
EndProject
Global
	GlobalSection(SolutionConfigurationPlatforms) = preSolution
		Debug|Any CPU = Debug|Any CPU
		Release|Any CPU = Release|Any CPU
	EndGlobalSection
	GlobalSection(ProjectConfigurationPlatforms) = postSolution
		{3817E1FA-2B7E-47C6-8B49-C53477B1E7B8}.Debug|Any CPU.ActiveCfg = Debug|Any CPU
		{3817E1FA-2B7E-47C6-8B49-C53477B1E7B8}.Debug|Any CPU.Build.0 = Debug|Any CPU
		{3817E1FA-2B7E-47C6-8B49-C53477B1E7B8}.Release|Any CPU.ActiveCfg = Release|Any CPU
		{3817E1FA-2B7E-47C6-8B49-C53477B1E7B8}.Release|Any CPU.Build.0 = Release|Any CPU
		{72DCEDF1-1015-43F4-9ABD-0894AC715535}.Debug|Any CPU.ActiveCfg = Debug|Any CPU
		{72DCEDF1-1015-43F4-9ABD-0894AC715535}.Debug|Any CPU.Build.0 = Debug|Any CPU
		{72DCEDF1-1015-43F4-9ABD-0894AC715535}.Release|Any CPU.ActiveCfg = Release|Any CPU
		{72DCEDF1-1015-43F4-9ABD-0894AC715535}.Release|Any CPU.Build.0 = Release|Any CPU
	EndGlobalSection
	GlobalSection(SolutionProperties) = preSolution
		HideSolutionNode = FALSE
	EndGlobalSection
	GlobalSection(ExtensibilityGlobals) = postSolution
		SolutionGuid = {8FF13219-9EA8-45F6-ACA7-9D2B3FC6D538}
	EndGlobalSection
EndGlobal
